
Microsoft Visual Studio Solution File, Format Version 12.00
# Visual Studio Version 17
Project("{8BC9CEB8-8B4A-11D0-8D11-00A0C91BC942}") = "ALL_BUILD", "ALL_BUILD.vcxproj", "{9E5C3100-AA78-3D06-A20A-BD9F5CBA8BA1}"
	ProjectSection(ProjectDependencies) = postProject
		{A4EF26D6-A505-316E-B349-C555AC0E4129} = {A4EF26D6-A505-316E-B349-C555AC0E4129}
		{44051F81-96F9-3B7B-A869-7BF77EE00EC6} = {44051F81-96F9-3B7B-A869-7BF77EE00EC6}
		{FB55F1DA-B5A5-3671-BD16-C98E895FBDB9} = {FB55F1DA-B5A5-3671-BD16-C98E895FBDB9}
		{40DB2D86-596C-3ED7-B83F-C9F99007C1B1} = {40DB2D86-596C-3ED7-B83F-C9F99007C1B1}
		{9656089C-4D2A-3D0E-89DB-0A40A9B202E5} = {9656089C-4D2A-3D0E-89DB-0A40A9B202E5}
		{A5DC40FB-1DB0-3484-866B-733E32D8FBC0} = {A5DC40FB-1DB0-3484-866B-733E32D8FBC0}
	EndProjectSection
EndProject
Project("{8BC9CEB8-8B4A-11D0-8D11-00A0C91BC942}") = "INSTALL", "INSTALL.vcxproj", "{E356D1A5-DEA3-3A87-A4CA-DA89CA7A30B9}"
	ProjectSection(ProjectDependencies) = postProject
		{9E5C3100-AA78-3D06-A20A-BD9F5CBA8BA1} = {9E5C3100-AA78-3D06-A20A-BD9F5CBA8BA1}
		{40DB2D86-596C-3ED7-B83F-C9F99007C1B1} = {40DB2D86-596C-3ED7-B83F-C9F99007C1B1}
	EndProjectSection
EndProject
Project("{8BC9CEB8-8B4A-11D0-8D11-00A0C91BC942}") = "LocalSports", "src\localsports\LocalSports.vcxproj", "{A4EF26D6-A505-316E-B349-C555AC0E4129}"
	ProjectSection(ProjectDependencies) = postProject
		{40DB2D86-596C-3ED7-B83F-C9F99007C1B1} = {40DB2D86-596C-3ED7-B83F-C9F99007C1B1}
		{9656089C-4D2A-3D0E-89DB-0A40A9B202E5} = {9656089C-4D2A-3D0E-89DB-0A40A9B202E5}
	EndProjectSection
EndProject
Project("{8BC9CEB8-8B4A-11D0-8D11-00A0C91BC942}") = "LocalSports_tests", "src\tests\localsports\LocalSports_tests.vcxproj", "{44051F81-96F9-3B7B-A869-7BF77EE00EC6}"
	ProjectSection(ProjectDependencies) = postProject
		{A4EF26D6-A505-316E-B349-C555AC0E4129} = {A4EF26D6-A505-316E-B349-C555AC0E4129}
		{40DB2D86-596C-3ED7-B83F-C9F99007C1B1} = {40DB2D86-596C-3ED7-B83F-C9F99007C1B1}
		{E6DC5C6D-F9EF-3BCC-849D-4C6877470C6D} = {E6DC5C6D-F9EF-3BCC-849D-4C6877470C6D}
		{00F0A43B-4BAC-3599-BA56-BFFC87BE4EAF} = {00F0A43B-4BAC-3599-BA56-BFFC87BE4EAF}
		{9656089C-4D2A-3D0E-89DB-0A40A9B202E5} = {9656089C-4D2A-3D0E-89DB-0A40A9B202E5}
	EndProjectSection
EndProject
Project("{8BC9CEB8-8B4A-11D0-8D11-00A0C91BC942}") = "LocalSportsapp", "src\localsportsapp\LocalSportsapp.vcxproj", "{FB55F1DA-B5A5-3671-BD16-C98E895FBDB9}"
	ProjectSection(ProjectDependencies) = postProject
		{A4EF26D6-A505-316E-B349-C555AC0E4129} = {A4EF26D6-A505-316E-B349-C555AC0E4129}
		{40DB2D86-596C-3ED7-B83F-C9F99007C1B1} = {40DB2D86-596C-3ED7-B83F-C9F99007C1B1}
		{9656089C-4D2A-3D0E-89DB-0A40A9B202E5} = {9656089C-4D2A-3D0E-89DB-0A40A9B202E5}
	EndProjectSection
EndProject
Project("{8BC9CEB8-8B4A-11D0-8D11-00A0C91BC942}") = "RUN_TESTS", "RUN_TESTS.vcxproj", "{730A4632-A6DB-3987-8282-C262B84FB47C}"
	ProjectSection(ProjectDependencies) = postProject
		{40DB2D86-596C-3ED7-B83F-C9F99007C1B1} = {40DB2D86-596C-3ED7-B83F-C9F99007C1B1}
	EndProjectSection
EndProject
Project("{8BC9CEB8-8B4A-11D0-8D11-00A0C91BC942}") = "ZERO_CHECK", "ZERO_CHECK.vcxproj", "{40DB2D86-596C-3ED7-B83F-C9F99007C1B1}"
	ProjectSection(ProjectDependencies) = postProject
	EndProjectSection
EndProject
Project("{8BC9CEB8-8B4A-11D0-8D11-00A0C91BC942}") = "gtest", "src\tests\googletest-build\googletest\gtest.vcxproj", "{E6DC5C6D-F9EF-3BCC-849D-4C6877470C6D}"
	ProjectSection(ProjectDependencies) = postProject
		{40DB2D86-596C-3ED7-B83F-C9F99007C1B1} = {40DB2D86-596C-3ED7-B83F-C9F99007C1B1}
	EndProjectSection
EndProject
Project("{8BC9CEB8-8B4A-11D0-8D11-00A0C91BC942}") = "gtest_main", "src\tests\googletest-build\googletest\gtest_main.vcxproj", "{00F0A43B-4BAC-3599-BA56-BFFC87BE4EAF}"
	ProjectSection(ProjectDependencies) = postProject
		{40DB2D86-596C-3ED7-B83F-C9F99007C1B1} = {40DB2D86-596C-3ED7-B83F-C9F99007C1B1}
		{E6DC5C6D-F9EF-3BCC-849D-4C6877470C6D} = {E6DC5C6D-F9EF-3BCC-849D-4C6877470C6D}
	EndProjectSection
EndProject
Project("{8BC9CEB8-8B4A-11D0-8D11-00A0C91BC942}") = "utility", "src\utility\utility.vcxproj", "{9656089C-4D2A-3D0E-89DB-0A40A9B202E5}"
	ProjectSection(ProjectDependencies) = postProject
		{40DB2D86-596C-3ED7-B83F-C9F99007C1B1} = {40DB2D86-596C-3ED7-B83F-C9F99007C1B1}
	EndProjectSection
EndProject
Project("{8BC9CEB8-8B4A-11D0-8D11-00A0C91BC942}") = "utility_tests", "src\tests\utility\utility_tests.vcxproj", "{A5DC40FB-1DB0-3484-866B-733E32D8FBC0}"
	ProjectSection(ProjectDependencies) = postProject
		{40DB2D86-596C-3ED7-B83F-C9F99007C1B1} = {40DB2D86-596C-3ED7-B83F-C9F99007C1B1}
		{E6DC5C6D-F9EF-3BCC-849D-4C6877470C6D} = {E6DC5C6D-F9EF-3BCC-849D-4C6877470C6D}
		{00F0A43B-4BAC-3599-BA56-BFFC87BE4EAF} = {00F0A43B-4BAC-3599-BA56-BFFC87BE4EAF}
		{9656089C-4D2A-3D0E-89DB-0A40A9B202E5} = {9656089C-4D2A-3D0E-89DB-0A40A9B202E5}
	EndProjectSection
EndProject
Global
	GlobalSection(SolutionConfigurationPlatforms) = preSolution
		Debug|x64 = Debug|x64
		Release|x64 = Release|x64
	EndGlobalSection
	GlobalSection(ProjectConfigurationPlatforms) = postSolution
		{9E5C3100-AA78-3D06-A20A-BD9F5CBA8BA1}.Debug|x64.ActiveCfg = Debug|x64
		{9E5C3100-AA78-3D06-A20A-BD9F5CBA8BA1}.Debug|x64.Build.0 = Debug|x64
		{9E5C3100-AA78-3D06-A20A-BD9F5CBA8BA1}.Release|x64.ActiveCfg = Release|x64
		{9E5C3100-AA78-3D06-A20A-BD9F5CBA8BA1}.Release|x64.Build.0 = Release|x64
		{E356D1A5-DEA3-3A87-A4CA-DA89CA7A30B9}.Debug|x64.ActiveCfg = Debug|x64
		{E356D1A5-DEA3-3A87-A4CA-DA89CA7A30B9}.Release|x64.ActiveCfg = Release|x64
		{A4EF26D6-A505-316E-B349-C555AC0E4129}.Debug|x64.ActiveCfg = Debug|x64
		{A4EF26D6-A505-316E-B349-C555AC0E4129}.Debug|x64.Build.0 = Debug|x64
		{A4EF26D6-A505-316E-B349-C555AC0E4129}.Release|x64.ActiveCfg = Release|x64
		{A4EF26D6-A505-316E-B349-C555AC0E4129}.Release|x64.Build.0 = Release|x64
		{44051F81-96F9-3B7B-A869-7BF77EE00EC6}.Debug|x64.ActiveCfg = Debug|x64
		{44051F81-96F9-3B7B-A869-7BF77EE00EC6}.Debug|x64.Build.0 = Debug|x64
		{44051F81-96F9-3B7B-A869-7BF77EE00EC6}.Release|x64.ActiveCfg = Release|x64
		{44051F81-96F9-3B7B-A869-7BF77EE00EC6}.Release|x64.Build.0 = Release|x64
		{FB55F1DA-B5A5-3671-BD16-C98E895FBDB9}.Debug|x64.ActiveCfg = Debug|x64
		{FB55F1DA-B5A5-3671-BD16-C98E895FBDB9}.Debug|x64.Build.0 = Debug|x64
		{FB55F1DA-B5A5-3671-BD16-C98E895FBDB9}.Release|x64.ActiveCfg = Release|x64
		{FB55F1DA-B5A5-3671-BD16-C98E895FBDB9}.Release|x64.Build.0 = Release|x64
		{730A4632-A6DB-3987-8282-C262B84FB47C}.Debug|x64.ActiveCfg = Debug|x64
		{730A4632-A6DB-3987-8282-C262B84FB47C}.Release|x64.ActiveCfg = Release|x64
		{40DB2D86-596C-3ED7-B83F-C9F99007C1B1}.Debug|x64.ActiveCfg = Debug|x64
		{40DB2D86-596C-3ED7-B83F-C9F99007C1B1}.Debug|x64.Build.0 = Debug|x64
		{40DB2D86-596C-3ED7-B83F-C9F99007C1B1}.Release|x64.ActiveCfg = Release|x64
		{40DB2D86-596C-3ED7-B83F-C9F99007C1B1}.Release|x64.Build.0 = Release|x64
		{E6DC5C6D-F9EF-3BCC-849D-4C6877470C6D}.Debug|x64.ActiveCfg = Debug|x64
		{E6DC5C6D-F9EF-3BCC-849D-4C6877470C6D}.Debug|x64.Build.0 = Debug|x64
		{E6DC5C6D-F9EF-3BCC-849D-4C6877470C6D}.Release|x64.ActiveCfg = Release|x64
		{E6DC5C6D-F9EF-3BCC-849D-4C6877470C6D}.Release|x64.Build.0 = Release|x64
		{00F0A43B-4BAC-3599-BA56-BFFC87BE4EAF}.Debug|x64.ActiveCfg = Debug|x64
		{00F0A43B-4BAC-3599-BA56-BFFC87BE4EAF}.Debug|x64.Build.0 = Debug|x64
		{00F0A43B-4BAC-3599-BA56-BFFC87BE4EAF}.Release|x64.ActiveCfg = Release|x64
		{00F0A43B-4BAC-3599-BA56-BFFC87BE4EAF}.Release|x64.Build.0 = Release|x64
		{9656089C-4D2A-3D0E-89DB-0A40A9B202E5}.Debug|x64.ActiveCfg = Debug|x64
		{9656089C-4D2A-3D0E-89DB-0A40A9B202E5}.Debug|x64.Build.0 = Debug|x64
		{9656089C-4D2A-3D0E-89DB-0A40A9B202E5}.Release|x64.ActiveCfg = Release|x64
		{9656089C-4D2A-3D0E-89DB-0A40A9B202E5}.Release|x64.Build.0 = Release|x64
		{A5DC40FB-1DB0-3484-866B-733E32D8FBC0}.Debug|x64.ActiveCfg = Debug|x64
		{A5DC40FB-1DB0-3484-866B-733E32D8FBC0}.Debug|x64.Build.0 = Debug|x64
		{A5DC40FB-1DB0-3484-866B-733E32D8FBC0}.Release|x64.ActiveCfg = Release|x64
		{A5DC40FB-1DB0-3484-866B-733E32D8FBC0}.Release|x64.Build.0 = Release|x64
	EndGlobalSection
	GlobalSection(ExtensibilityGlobals) = postSolution
		SolutionGuid = {D045FDB1-87A2-36A0-8224-74F722CB7DA4}
	EndGlobalSection
	GlobalSection(ExtensibilityAddIns) = postSolution
	EndGlobalSection
EndGlobal
