<?xml version="1.0" encoding="utf-8"?>
<Project ToolsVersion="17.0" xmlns="http://schemas.microsoft.com/developer/msbuild/2003">
  <ItemGroup>
    <ClCompile Include="C:\Users\Can Ahmed\Desktop\cen429-2025-2026-5-muhammedbesir-velioglu-cpp\src\tests\localsports\localsports_test.cpp">
      <Filter>src</Filter>
    </ClCompile>
  </ItemGroup>
  <ItemGroup>
    <CustomBuild Include="C:\Users\Can Ahmed\Desktop\cen429-2025-2026-5-muhammedbesir-velioglu-cpp\src\tests\localsports\CMakeLists.txt" />
  </ItemGroup>
  <ItemGroup>
    <Filter Include="src">
      <UniqueIdentifier>{90E4B30F-2A1F-3E40-8E3A-5D8001CC37AD}</UniqueIdentifier>
    </Filter>
  </ItemGroup>
</Project>
