<?xml version="1.0" encoding="utf-8"?>
<Project ToolsVersion="17.0" xmlns="http://schemas.microsoft.com/developer/msbuild/2003">
  <ItemGroup>
    <CustomBuild Include="C:\Users\PC\Desktop\cen429-2025-2026-5-muhammedbesir-velioglu-cpp\CMakeFiles\9ed90b31ed6044c9bdf9c26a1f6d4984\INSTALL_force.rule">
      <Filter>CMake Rules</Filter>
    </CustomBuild>
  </ItemGroup>
  <ItemGroup>
    <Filter Include="CMake Rules">
      <UniqueIdentifier>{3D3E9B91-DFEF-34C4-9D5D-2315311247BE}</UniqueIdentifier>
    </Filter>
  </ItemGroup>
</Project>
