<?xml version="1.0" encoding="utf-8"?>
<Project ToolsVersion="17.0" xmlns="http://schemas.microsoft.com/developer/msbuild/2003">
  <ItemGroup>
    <CustomBuild Include="C:\Users\Can Ahmed\Desktop\cen429-2025-2026-5-muhammedbesir-velioglu-cpp\buildCmake\CMakeFiles\bd33d323f66ca75386b0768187280e6c\RUN_TESTS_force.rule">
      <Filter>CMake Rules</Filter>
    </CustomBuild>
  </ItemGroup>
  <ItemGroup>
    <Filter Include="CMake Rules">
      <UniqueIdentifier>{4581DA91-8371-3C2F-BD0E-106796A71A75}</UniqueIdentifier>
    </Filter>
  </ItemGroup>
</Project>
